// !$*UTF8*$!
{
	archiveVersion = 1;
	classes = {
	};
	objectVersion = 56;
	objects = {

/* Begin PBXBuildFile section */
		4DB3D1C02BAC553A00985078 /* CoreDataWDHApp.swift in Sources */ = {isa = PBXBuildFile; fileRef = 4DB3D1BF2BAC553A00985078 /* CoreDataWDHApp.swift */; };
		4DB3D1C22BAC553A00985078 /* ContentView.swift in Sources */ = {isa = PBXBuildFile; fileRef = 4DB3D1C12BAC553A00985078 /* ContentView.swift */; };
		4DB3D1C42BAC553B00985078 /* Assets.xcassets in Resources */ = {isa = PBXBuildFile; fileRef = 4DB3D1C32BAC553B00985078 /* Assets.xcassets */; };
		4DB3D1C72BAC553B00985078 /* Preview Assets.xcassets in Resources */ = {isa = PBXBuildFile; fileRef = 4DB3D1C62BAC553B00985078 /* Preview Assets.xcassets */; };
		4DB3D1D12BAC557C00985078 /* Repository.swift in Sources */ = {isa = PBXBuildFile; fileRef = 4DB3D1D02BAC557C00985078 /* Repository.swift */; };
		4DB3D1D32BAC55B300985078 /* PersistentStore.swift in Sources */ = {isa = PBXBuildFile; fileRef = 4DB3D1D22BAC55B300985078 /* PersistentStore.swift */; };
		4DB3D1D52BAC55D900985078 /* SampleData.swift in Sources */ = {isa = PBXBuildFile; fileRef = 4DB3D1D42BAC55D900985078 /* SampleData.swift */; };
		4DB3D1D82BAC55F400985078 /* TaskModel.xcdatamodeld in Sources */ = {isa = PBXBuildFile; fileRef = 4DB3D1D62BAC55F400985078 /* TaskModel.xcdatamodeld */; };
		4DB3D1DC2BAC566F00985078 /* PeopleListView.swift in Sources */ = {isa = PBXBuildFile; fileRef = 4DB3D1DB2BAC566F00985078 /* PeopleListView.swift */; };
		4DB3D1DE2BAC568000985078 /* PeopleListViewModel.swift in Sources */ = {isa = PBXBuildFile; fileRef = 4DB3D1DD2BAC568000985078 /* PeopleListViewModel.swift */; };
		4DB3D1E02BAC569B00985078 /* TaskListView.swift in Sources */ = {isa = PBXBuildFile; fileRef = 4DB3D1DF2BAC569B00985078 /* TaskListView.swift */; };
		4DB3D1E22BAC56AF00985078 /* TaskListViewModel.swift in Sources */ = {isa = PBXBuildFile; fileRef = 4DB3D1E12BAC56AE00985078 /* TaskListViewModel.swift */; };
/* End PBXBuildFile section */

/* Begin PBXFileReference section */
		4DB3D1BC2BAC553A00985078 /* CoreDataWDH.app */ = {isa = PBXFileReference; explicitFileType = wrapper.application; includeInIndex = 0; path = CoreDataWDH.app; sourceTree = BUILT_PRODUCTS_DIR; };
		4DB3D1BF2BAC553A00985078 /* CoreDataWDHApp.swift */ = {isa = PBXFileReference; lastKnownFileType = sourcecode.swift; path = CoreDataWDHApp.swift; sourceTree = "<group>"; };
		4DB3D1C12BAC553A00985078 /* ContentView.swift */ = {isa = PBXFileReference; lastKnownFileType = sourcecode.swift; path = ContentView.swift; sourceTree = "<group>"; };
		4DB3D1C32BAC553B00985078 /* Assets.xcassets */ = {isa = PBXFileReference; lastKnownFileType = folder.assetcatalog; path = Assets.xcassets; sourceTree = "<group>"; };
		4DB3D1C62BAC553B00985078 /* Preview Assets.xcassets */ = {isa = PBXFileReference; lastKnownFileType = folder.assetcatalog; path = "Preview Assets.xcassets"; sourceTree = "<group>"; };
		4DB3D1D02BAC557C00985078 /* Repository.swift */ = {isa = PBXFileReference; lastKnownFileType = sourcecode.swift; path = Repository.swift; sourceTree = "<group>"; };
		4DB3D1D22BAC55B300985078 /* PersistentStore.swift */ = {isa = PBXFileReference; lastKnownFileType = sourcecode.swift; path = PersistentStore.swift; sourceTree = "<group>"; };
		4DB3D1D42BAC55D900985078 /* SampleData.swift */ = {isa = PBXFileReference; lastKnownFileType = sourcecode.swift; path = SampleData.swift; sourceTree = "<group>"; };
		4DB3D1D72BAC55F400985078 /* TaskModel.xcdatamodel */ = {isa = PBXFileReference; lastKnownFileType = wrapper.xcdatamodel; path = TaskModel.xcdatamodel; sourceTree = "<group>"; };
		4DB3D1DB2BAC566F00985078 /* PeopleListView.swift */ = {isa = PBXFileReference; lastKnownFileType = sourcecode.swift; path = PeopleListView.swift; sourceTree = "<group>"; };
		4DB3D1DD2BAC568000985078 /* PeopleListViewModel.swift */ = {isa = PBXFileReference; lastKnownFileType = sourcecode.swift; path = PeopleListViewModel.swift; sourceTree = "<group>"; };
		4DB3D1DF2BAC569B00985078 /* TaskListView.swift */ = {isa = PBXFileReference; lastKnownFileType = sourcecode.swift; path = TaskListView.swift; sourceTree = "<group>"; };
		4DB3D1E12BAC56AE00985078 /* TaskListViewModel.swift */ = {isa = PBXFileReference; lastKnownFileType = sourcecode.swift; path = TaskListViewModel.swift; sourceTree = "<group>"; };
/* End PBXFileReference section */

/* Begin PBXFrameworksBuildPhase section */
		4DB3D1B92BAC553A00985078 /* Frameworks */ = {
			isa = PBXFrameworksBuildPhase;
			buildActionMask = 2147483647;
			files = (
			);
			runOnlyForDeploymentPostprocessing = 0;
		};
/* End PBXFrameworksBuildPhase section */

/* Begin PBXGroup section */
		4DB3D1B32BAC553A00985078 = {
			isa = PBXGroup;
			children = (
				4DB3D1BE2BAC553A00985078 /* CoreDataWDH */,
				4DB3D1BD2BAC553A00985078 /* Products */,
			);
			sourceTree = "<group>";
		};
		4DB3D1BD2BAC553A00985078 /* Products */ = {
			isa = PBXGroup;
			children = (
				4DB3D1BC2BAC553A00985078 /* CoreDataWDH.app */,
			);
			name = Products;
			sourceTree = "<group>";
		};
		4DB3D1BE2BAC553A00985078 /* CoreDataWDH */ = {
			isa = PBXGroup;
			children = (
				4DB3D1CF2BAC555C00985078 /* Infrastructure */,
				4DB3D1CE2BAC555600985078 /* Model */,
				4DB3D1CD2BAC554D00985078 /* Screens */,
				4DB3D1BF2BAC553A00985078 /* CoreDataWDHApp.swift */,
				4DB3D1C12BAC553A00985078 /* ContentView.swift */,
				4DB3D1C32BAC553B00985078 /* Assets.xcassets */,
				4DB3D1C52BAC553B00985078 /* Preview Content */,
			);
			path = CoreDataWDH;
			sourceTree = "<group>";
		};
		4DB3D1C52BAC553B00985078 /* Preview Content */ = {
			isa = PBXGroup;
			children = (
				4DB3D1C62BAC553B00985078 /* Preview Assets.xcassets */,
			);
			path = "Preview Content";
			sourceTree = "<group>";
		};
		4DB3D1CD2BAC554D00985078 /* Screens */ = {
			isa = PBXGroup;
			children = (
				4DB3D1DA2BAC564800985078 /* People */,
				4DB3D1D92BAC564100985078 /* TaskList */,
			);
			path = Screens;
			sourceTree = "<group>";
		};
		4DB3D1CE2BAC555600985078 /* Model */ = {
			isa = PBXGroup;
			children = (
				4DB3D1D42BAC55D900985078 /* SampleData.swift */,
				4DB3D1D62BAC55F400985078 /* TaskModel.xcdatamodeld */,
			);
			path = Model;
			sourceTree = "<group>";
		};
		4DB3D1CF2BAC555C00985078 /* Infrastructure */ = {
			isa = PBXGroup;
			children = (
				4DB3D1D02BAC557C00985078 /* Repository.swift */,
				4DB3D1D22BAC55B300985078 /* PersistentStore.swift */,
			);
			path = Infrastructure;
			sourceTree = "<group>";
		};
		4DB3D1D92BAC564100985078 /* TaskList */ = {
			isa = PBXGroup;
			children = (
				4DB3D1DF2BAC569B00985078 /* TaskListView.swift */,
				4DB3D1E12BAC56AE00985078 /* TaskListViewModel.swift */,
			);
			path = TaskList;
			sourceTree = "<group>";
		};
		4DB3D1DA2BAC564800985078 /* People */ = {
			isa = PBXGroup;
			children = (
				4DB3D1DB2BAC566F00985078 /* PeopleListView.swift */,
				4DB3D1DD2BAC568000985078 /* PeopleListViewModel.swift */,
			);
			path = People;
			sourceTree = "<group>";
		};
/* End PBXGroup section */

/* Begin PBXNativeTarget section */
		4DB3D1BB2BAC553A00985078 /* CoreDataWDH */ = {
			isa = PBXNativeTarget;
			buildConfigurationList = 4DB3D1CA2BAC553B00985078 /* Build configuration list for PBXNativeTarget "CoreDataWDH" */;
			buildPhases = (
				4DB3D1B82BAC553A00985078 /* Sources */,
				4DB3D1B92BAC553A00985078 /* Frameworks */,
				4DB3D1BA2BAC553A00985078 /* Resources */,
			);
			buildRules = (
			);
			dependencies = (
			);
			name = CoreDataWDH;
			productName = CoreDataWDH;
			productReference = 4DB3D1BC2BAC553A00985078 /* CoreDataWDH.app */;
			productType = "com.apple.product-type.application";
		};
/* End PBXNativeTarget section */

/* Begin PBXProject section */
		4DB3D1B42BAC553A00985078 /* Project object */ = {
			isa = PBXProject;
			attributes = {
				BuildIndependentTargetsInParallel = 1;
				LastSwiftUpdateCheck = 1530;
				LastUpgradeCheck = 1530;
				TargetAttributes = {
					4DB3D1BB2BAC553A00985078 = {
						CreatedOnToolsVersion = 15.3;
					};
				};
			};
			buildConfigurationList = 4DB3D1B72BAC553A00985078 /* Build configuration list for PBXProject "CoreDataWDH" */;
			compatibilityVersion = "Xcode 14.0";
			developmentRegion = en;
			hasScannedForEncodings = 0;
			knownRegions = (
				en,
				Base,
			);
			mainGroup = 4DB3D1B32BAC553A00985078;
			productRefGroup = 4DB3D1BD2BAC553A00985078 /* Products */;
			projectDirPath = "";
			projectRoot = "";
			targets = (
				4DB3D1BB2BAC553A00985078 /* CoreDataWDH */,
			);
		};
/* End PBXProject section */

/* Begin PBXResourcesBuildPhase section */
		4DB3D1BA2BAC553A00985078 /* Resources */ = {
			isa = PBXResourcesBuildPhase;
			buildActionMask = 2147483647;
			files = (
				4DB3D1C72BAC553B00985078 /* Preview Assets.xcassets in Resources */,
				4DB3D1C42BAC553B00985078 /* Assets.xcassets in Resources */,
			);
			runOnlyForDeploymentPostprocessing = 0;
		};
/* End PBXResourcesBuildPhase section */

/* Begin PBXSourcesBuildPhase section */
		4DB3D1B82BAC553A00985078 /* Sources */ = {
			isa = PBXSourcesBuildPhase;
			buildActionMask = 2147483647;
			files = (
				4DB3D1C22BAC553A00985078 /* ContentView.swift in Sources */,
				4DB3D1DE2BAC568000985078 /* PeopleListViewModel.swift in Sources */,
				4DB3D1E02BAC569B00985078 /* TaskListView.swift in Sources */,
				4DB3D1DC2BAC566F00985078 /* PeopleListView.swift in Sources */,
				4DB3D1C02BAC553A00985078 /* CoreDataWDHApp.swift in Sources */,
				4DB3D1D82BAC55F400985078 /* TaskModel.xcdatamodeld in Sources */,
				4DB3D1D32BAC55B300985078 /* PersistentStore.swift in Sources */,
				4DB3D1E22BAC56AF00985078 /* TaskListViewModel.swift in Sources */,
				4DB3D1D52BAC55D900985078 /* SampleData.swift in Sources */,
				4DB3D1D12BAC557C00985078 /* Repository.swift in Sources */,
			);
			runOnlyForDeploymentPostprocessing = 0;
		};
/* End PBXSourcesBuildPhase section */

/* Begin XCBuildConfiguration section */
		4DB3D1C82BAC553B00985078 /* Debug */ = {
			isa = XCBuildConfiguration;
			buildSettings = {
				ALWAYS_SEARCH_USER_PATHS = NO;
				ASSETCATALOG_COMPILER_GENERATE_SWIFT_ASSET_SYMBOL_EXTENSIONS = YES;
				CLANG_ANALYZER_NONNULL = YES;
				CLANG_ANALYZER_NUMBER_OBJECT_CONVERSION = YES_AGGRESSIVE;
				CLANG_CXX_LANGUAGE_STANDARD = "gnu++20";
				CLANG_ENABLE_MODULES = YES;
				CLANG_ENABLE_OBJC_ARC = YES;
				CLANG_ENABLE_OBJC_WEAK = YES;
				CLANG_WARN_BLOCK_CAPTURE_AUTORELEASING = YES;
				CLANG_WARN_BOOL_CONVERSION = YES;
				CLANG_WARN_COMMA = YES;
				CLANG_WARN_CONSTANT_CONVERSION = YES;
				CLANG_WARN_DEPRECATED_OBJC_IMPLEMENTATIONS = YES;
				CLANG_WARN_DIRECT_OBJC_ISA_USAGE = YES_ERROR;
				CLANG_WARN_DOCUMENTATION_COMMENTS = YES;
				CLANG_WARN_EMPTY_BODY = YES;
				CLANG_WARN_ENUM_CONVERSION = YES;
				CLANG_WARN_INFINITE_RECURSION = YES;
				CLANG_WARN_INT_CONVERSION = YES;
				CLANG_WARN_NON_LITERAL_NULL_CONVERSION = YES;
				CLANG_WARN_OBJC_IMPLICIT_RETAIN_SELF = YES;
				CLANG_WARN_OBJC_LITERAL_CONVERSION = YES;
				CLANG_WARN_OBJC_ROOT_CLASS = YES_ERROR;
				CLANG_WARN_QUOTED_INCLUDE_IN_FRAMEWORK_HEADER = YES;
				CLANG_WARN_RANGE_LOOP_ANALYSIS = YES;
				CLANG_WARN_STRICT_PROTOTYPES = YES;
				CLANG_WARN_SUSPICIOUS_MOVE = YES;
				CLANG_WARN_UNGUARDED_AVAILABILITY = YES_AGGRESSIVE;
				CLANG_WARN_UNREACHABLE_CODE = YES;
				CLANG_WARN__DUPLICATE_METHOD_MATCH = YES;
				COPY_PHASE_STRIP = NO;
				DEBUG_INFORMATION_FORMAT = dwarf;
				ENABLE_STRICT_OBJC_MSGSEND = YES;
				ENABLE_TESTABILITY = YES;
				ENABLE_USER_SCRIPT_SANDBOXING = YES;
				GCC_C_LANGUAGE_STANDARD = gnu17;
				GCC_DYNAMIC_NO_PIC = NO;
				GCC_NO_COMMON_BLOCKS = YES;
				GCC_OPTIMIZATION_LEVEL = 0;
				GCC_PREPROCESSOR_DEFINITIONS = (
					"DEBUG=1",
					"$(inherited)",
				);
				GCC_WARN_64_TO_32_BIT_CONVERSION = YES;
				GCC_WARN_ABOUT_RETURN_TYPE = YES_ERROR;
				GCC_WARN_UNDECLARED_SELECTOR = YES;
				GCC_WARN_UNINITIALIZED_AUTOS = YES_AGGRESSIVE;
				GCC_WARN_UNUSED_FUNCTION = YES;
				GCC_WARN_UNUSED_VARIABLE = YES;
				IPHONEOS_DEPLOYMENT_TARGET = 17.4;
				LOCALIZATION_PREFERS_STRING_CATALOGS = YES;
				MTL_ENABLE_DEBUG_INFO = INCLUDE_SOURCE;
				MTL_FAST_MATH = YES;
				ONLY_ACTIVE_ARCH = YES;
				SDKROOT = iphoneos;
				SWIFT_ACTIVE_COMPILATION_CONDITIONS = "DEBUG $(inherited)";
				SWIFT_OPTIMIZATION_LEVEL = "-Onone";
			};
			name = Debug;
		};
		4DB3D1C92BAC553B00985078 /* Release */ = {
			isa = XCBuildConfiguration;
			buildSettings = {
				ALWAYS_SEARCH_USER_PATHS = NO;
				ASSETCATALOG_COMPILER_GENERATE_SWIFT_ASSET_SYMBOL_EXTENSIONS = YES;
				CLANG_ANALYZER_NONNULL = YES;
				CLANG_ANALYZER_NUMBER_OBJECT_CONVERSION = YES_AGGRESSIVE;
				CLANG_CXX_LANGUAGE_STANDARD = "gnu++20";
				CLANG_ENABLE_MODULES = YES;
				CLANG_ENABLE_OBJC_ARC = YES;
				CLANG_ENABLE_OBJC_WEAK = YES;
				CLANG_WARN_BLOCK_CAPTURE_AUTORELEASING = YES;
				CLANG_WARN_BOOL_CONVERSION = YES;
				CLANG_WARN_COMMA = YES;
				CLANG_WARN_CONSTANT_CONVERSION = YES;
				CLANG_WARN_DEPRECATED_OBJC_IMPLEMENTATIONS = YES;
				CLANG_WARN_DIRECT_OBJC_ISA_USAGE = YES_ERROR;
				CLANG_WARN_DOCUMENTATION_COMMENTS = YES;
				CLANG_WARN_EMPTY_BODY = YES;
				CLANG_WARN_ENUM_CONVERSION = YES;
				CLANG_WARN_INFINITE_RECURSION = YES;
				CLANG_WARN_INT_CONVERSION = YES;
				CLANG_WARN_NON_LITERAL_NULL_CONVERSION = YES;
				CLANG_WARN_OBJC_IMPLICIT_RETAIN_SELF = YES;
				CLANG_WARN_OBJC_LITERAL_CONVERSION = YES;
				CLANG_WARN_OBJC_ROOT_CLASS = YES_ERROR;
				CLANG_WARN_QUOTED_INCLUDE_IN_FRAMEWORK_HEADER = YES;
				CLANG_WARN_RANGE_LOOP_ANALYSIS = YES;
				CLANG_WARN_STRICT_PROTOTYPES = YES;
				CLANG_WARN_SUSPICIOUS_MOVE = YES;
				CLANG_WARN_UNGUARDED_AVAILABILITY = YES_AGGRESSIVE;
				CLANG_WARN_UNREACHABLE_CODE = YES;
				CLANG_WARN__DUPLICATE_METHOD_MATCH = YES;
				COPY_PHASE_STRIP = NO;
				DEBUG_INFORMATION_FORMAT = "dwarf-with-dsym";
				ENABLE_NS_ASSERTIONS = NO;
				ENABLE_STRICT_OBJC_MSGSEND = YES;
				ENABLE_USER_SCRIPT_SANDBOXING = YES;
				GCC_C_LANGUAGE_STANDARD = gnu17;
				GCC_NO_COMMON_BLOCKS = YES;
				GCC_WARN_64_TO_32_BIT_CONVERSION = YES;
				GCC_WARN_ABOUT_RETURN_TYPE = YES_ERROR;
				GCC_WARN_UNDECLARED_SELECTOR = YES;
				GCC_WARN_UNINITIALIZED_AUTOS = YES_AGGRESSIVE;
				GCC_WARN_UNUSED_FUNCTION = YES;
				GCC_WARN_UNUSED_VARIABLE = YES;
				IPHONEOS_DEPLOYMENT_TARGET = 17.4;
				LOCALIZATION_PREFERS_STRING_CATALOGS = YES;
				MTL_ENABLE_DEBUG_INFO = NO;
				MTL_FAST_MATH = YES;
				SDKROOT = iphoneos;
				SWIFT_COMPILATION_MODE = wholemodule;
				VALIDATE_PRODUCT = YES;
			};
			name = Release;
		};
		4DB3D1CB2BAC553B00985078 /* Debug */ = {
			isa = XCBuildConfiguration;
			buildSettings = {
				ASSETCATALOG_COMPILER_APPICON_NAME = AppIcon;
				ASSETCATALOG_COMPILER_GLOBAL_ACCENT_COLOR_NAME = AccentColor;
				CODE_SIGN_STYLE = Automatic;
				CURRENT_PROJECT_VERSION = 1;
				DEVELOPMENT_ASSET_PATHS = "\"CoreDataWDH/Preview Content\"";
				ENABLE_PREVIEWS = YES;
				GENERATE_INFOPLIST_FILE = YES;
				INFOPLIST_KEY_UIApplicationSceneManifest_Generation = YES;
				INFOPLIST_KEY_UIApplicationSupportsIndirectInputEvents = YES;
				INFOPLIST_KEY_UILaunchScreen_Generation = YES;
				INFOPLIST_KEY_UISupportedInterfaceOrientations_iPad = "UIInterfaceOrientationPortrait UIInterfaceOrientationPortraitUpsideDown UIInterfaceOrientationLandscapeLeft UIInterfaceOrientationLandscapeRight";
				INFOPLIST_KEY_UISupportedInterfaceOrientations_iPhone = "UIInterfaceOrientationPortrait UIInterfaceOrientationLandscapeLeft UIInterfaceOrientationLandscapeRight";
				LD_RUNPATH_SEARCH_PATHS = (
					"$(inherited)",
					"@executable_path/Frameworks",
				);
				MARKETING_VERSION = 1.0;
				PRODUCT_BUNDLE_IDENTIFIER = "de.syntax-institut.CoreDataWDH";
				PRODUCT_NAME = "$(TARGET_NAME)";
				SWIFT_EMIT_LOC_STRINGS = YES;
				SWIFT_VERSION = 5.0;
				TARGETED_DEVICE_FAMILY = "1,2";
			};
			name = Debug;
		};
		4DB3D1CC2BAC553B00985078 /* Release */ = {
			isa = XCBuildConfiguration;
			buildSettings = {
				ASSETCATALOG_COMPILER_APPICON_NAME = AppIcon;
				ASSETCATALOG_COMPILER_GLOBAL_ACCENT_COLOR_NAME = AccentColor;
				CODE_SIGN_STYLE = Automatic;
				CURRENT_PROJECT_VERSION = 1;
				DEVELOPMENT_ASSET_PATHS = "\"CoreDataWDH/Preview Content\"";
				ENABLE_PREVIEWS = YES;
				GENERATE_INFOPLIST_FILE = YES;
				INFOPLIST_KEY_UIApplicationSceneManifest_Generation = YES;
				INFOPLIST_KEY_UIApplicationSupportsIndirectInputEvents = YES;
				INFOPLIST_KEY_UILaunchScreen_Generation = YES;
				INFOPLIST_KEY_UISupportedInterfaceOrientations_iPad = "UIInterfaceOrientationPortrait UIInterfaceOrientationPortraitUpsideDown UIInterfaceOrientationLandscapeLeft UIInterfaceOrientationLandscapeRight";
				INFOPLIST_KEY_UISupportedInterfaceOrientations_iPhone = "UIInterfaceOrientationPortrait UIInterfaceOrientationLandscapeLeft UIInterfaceOrientationLandscapeRight";
				LD_RUNPATH_SEARCH_PATHS = (
					"$(inherited)",
					"@executable_path/Frameworks",
				);
				MARKETING_VERSION = 1.0;
				PRODUCT_BUNDLE_IDENTIFIER = "de.syntax-institut.CoreDataWDH";
				PRODUCT_NAME = "$(TARGET_NAME)";
				SWIFT_EMIT_LOC_STRINGS = YES;
				SWIFT_VERSION = 5.0;
				TARGETED_DEVICE_FAMILY = "1,2";
			};
			name = Release;
		};
/* End XCBuildConfiguration section */

/* Begin XCConfigurationList section */
		4DB3D1B72BAC553A00985078 /* Build configuration list for PBXProject "CoreDataWDH" */ = {
			isa = XCConfigurationList;
			buildConfigurations = (
				4DB3D1C82BAC553B00985078 /* Debug */,
				4DB3D1C92BAC553B00985078 /* Release */,
			);
			defaultConfigurationIsVisible = 0;
			defaultConfigurationName = Release;
		};
		4DB3D1CA2BAC553B00985078 /* Build configuration list for PBXNativeTarget "CoreDataWDH" */ = {
			isa = XCConfigurationList;
			buildConfigurations = (
				4DB3D1CB2BAC553B00985078 /* Debug */,
				4DB3D1CC2BAC553B00985078 /* Release */,
			);
			defaultConfigurationIsVisible = 0;
			defaultConfigurationName = Release;
		};
/* End XCConfigurationList section */

/* Begin XCVersionGroup section */
		4DB3D1D62BAC55F400985078 /* TaskModel.xcdatamodeld */ = {
			isa = XCVersionGroup;
			children = (
				4DB3D1D72BAC55F400985078 /* TaskModel.xcdatamodel */,
			);
			currentVersion = 4DB3D1D72BAC55F400985078 /* TaskModel.xcdatamodel */;
			name = TaskModel.xcdatamodeld;
			path = /Users/jrueck/Batch11/iOS/Woche6/CoreDataWDH/CoreDataWDH/Model/TaskModel.xcdatamodeld;
			sourceTree = "<group>";
			versionGroupType = wrapper.xcdatamodel;
		};
/* End XCVersionGroup section */
	};
	rootObject = 4DB3D1B42BAC553A00985078 /* Project object */;
}
